
Microsoft Visual Studio Solution File, Format Version 12.00
# Visual Studio Version 17
VisualStudioVersion = 17.0.31903.59
MinimumVisualStudioVersion = 10.0.40219.1
Project("{2150E333-8FDC-42A3-9474-1A3956D46DE8}") = "src", "src", "{827E0CD3-B72D-47B6-A68D-7590B98EB39B}"
EndProject
Project("{FAE04EC0-301F-11D3-BF4B-00C04F79EFBC}") = "Domain", "src\Domain\Domain.csproj", "{FDB9C017-2845-4BF0-95B1-A11FB4902816}"
EndProject
Project("{FAE04EC0-301F-11D3-BF4B-00C04F79EFBC}") = "Application", "src\Application\Application.csproj", "{90EFB39B-0506-4ED9-919D-51B752976254}"
EndProject
Project("{FAE04EC0-301F-11D3-BF4B-00C04F79EFBC}") = "Infrastructure", "src\Infrastructure\Infrastructure.csproj", "{3442341E-C0D1-4219-B032-1B2AE3F75285}"
EndProject
Project("{FAE04EC0-301F-11D3-BF4B-00C04F79EFBC}") = "Api", "src\Api\Api.csproj", "{625EFA8A-7BDF-43D2-B2B7-2DE2EF1CC425}"
EndProject
Project("{2150E333-8FDC-42A3-9474-1A3956D46DE8}") = "tests", "tests", "{0AB3BF05-4346-4AA6-1389-037BE0695223}"
EndProject
Project("{FAE04EC0-301F-11D3-BF4B-00C04F79EFBC}") = "Domain.UnitTests", "tests\Domain.UnitTests\Domain.UnitTests.csproj", "{B6E08ABF-CE67-46CE-ACF2-322D7440A187}"
EndProject
Project("{FAE04EC0-301F-11D3-BF4B-00C04F79EFBC}") = "Application.UnitTests", "tests\Application.UnitTests\Application.UnitTests.csproj", "{A5040047-BCFF-4DBA-892A-E2F849685A85}"
EndProject
Project("{FAE04EC0-301F-11D3-BF4B-00C04F79EFBC}") = "Api.IntegrationTests", "tests\Api.IntegrationTests\Api.IntegrationTests.csproj", "{86D15D3D-1602-4E5F-8807-EE4F0AF28B6C}"
EndProject
Project("{FAE04EC0-301F-11D3-BF4B-00C04F79EFBC}") = "Web", "src\Web\Web.csproj", "{4662AAA8-6B12-4E18-867E-8D65852A8F14}"
EndProject
Project("{FAE04EC0-301F-11D3-BF4B-00C04F79EFBC}") = "Web.UnitTests", "tests\Web.UnitTests\Web.UnitTests.csproj", "{89084FF0-2EDB-4253-B3DB-C33A71769435}"
EndProject
Global
	GlobalSection(SolutionConfigurationPlatforms) = preSolution
		Debug|Any CPU = Debug|Any CPU
		Debug|x64 = Debug|x64
		Debug|x86 = Debug|x86
		Release|Any CPU = Release|Any CPU
		Release|x64 = Release|x64
		Release|x86 = Release|x86
	EndGlobalSection
	GlobalSection(ProjectConfigurationPlatforms) = postSolution
		{FDB9C017-2845-4BF0-95B1-A11FB4902816}.Debug|Any CPU.ActiveCfg = Debug|Any CPU
		{FDB9C017-2845-4BF0-95B1-A11FB4902816}.Debug|Any CPU.Build.0 = Debug|Any CPU
		{FDB9C017-2845-4BF0-95B1-A11FB4902816}.Debug|x64.ActiveCfg = Debug|Any CPU
		{FDB9C017-2845-4BF0-95B1-A11FB4902816}.Debug|x64.Build.0 = Debug|Any CPU
		{FDB9C017-2845-4BF0-95B1-A11FB4902816}.Debug|x86.ActiveCfg = Debug|Any CPU
		{FDB9C017-2845-4BF0-95B1-A11FB4902816}.Debug|x86.Build.0 = Debug|Any CPU
		{FDB9C017-2845-4BF0-95B1-A11FB4902816}.Release|Any CPU.ActiveCfg = Release|Any CPU
		{FDB9C017-2845-4BF0-95B1-A11FB4902816}.Release|Any CPU.Build.0 = Release|Any CPU
		{FDB9C017-2845-4BF0-95B1-A11FB4902816}.Release|x64.ActiveCfg = Release|Any CPU
		{FDB9C017-2845-4BF0-95B1-A11FB4902816}.Release|x64.Build.0 = Release|Any CPU
		{FDB9C017-2845-4BF0-95B1-A11FB4902816}.Release|x86.ActiveCfg = Release|Any CPU
		{FDB9C017-2845-4BF0-95B1-A11FB4902816}.Release|x86.Build.0 = Release|Any CPU
		{90EFB39B-0506-4ED9-919D-51B752976254}.Debug|Any CPU.ActiveCfg = Debug|Any CPU
		{90EFB39B-0506-4ED9-919D-51B752976254}.Debug|Any CPU.Build.0 = Debug|Any CPU
		{90EFB39B-0506-4ED9-919D-51B752976254}.Debug|x64.ActiveCfg = Debug|Any CPU
		{90EFB39B-0506-4ED9-919D-51B752976254}.Debug|x64.Build.0 = Debug|Any CPU
		{90EFB39B-0506-4ED9-919D-51B752976254}.Debug|x86.ActiveCfg = Debug|Any CPU
		{90EFB39B-0506-4ED9-919D-51B752976254}.Debug|x86.Build.0 = Debug|Any CPU
		{90EFB39B-0506-4ED9-919D-51B752976254}.Release|Any CPU.ActiveCfg = Release|Any CPU
		{90EFB39B-0506-4ED9-919D-51B752976254}.Release|Any CPU.Build.0 = Release|Any CPU
		{90EFB39B-0506-4ED9-919D-51B752976254}.Release|x64.ActiveCfg = Release|Any CPU
		{90EFB39B-0506-4ED9-919D-51B752976254}.Release|x64.Build.0 = Release|Any CPU
		{90EFB39B-0506-4ED9-919D-51B752976254}.Release|x86.ActiveCfg = Release|Any CPU
		{90EFB39B-0506-4ED9-919D-51B752976254}.Release|x86.Build.0 = Release|Any CPU
		{3442341E-C0D1-4219-B032-1B2AE3F75285}.Debug|Any CPU.ActiveCfg = Debug|Any CPU
		{3442341E-C0D1-4219-B032-1B2AE3F75285}.Debug|Any CPU.Build.0 = Debug|Any CPU
		{3442341E-C0D1-4219-B032-1B2AE3F75285}.Debug|x64.ActiveCfg = Debug|Any CPU
		{3442341E-C0D1-4219-B032-1B2AE3F75285}.Debug|x64.Build.0 = Debug|Any CPU
		{3442341E-C0D1-4219-B032-1B2AE3F75285}.Debug|x86.ActiveCfg = Debug|Any CPU
		{3442341E-C0D1-4219-B032-1B2AE3F75285}.Debug|x86.Build.0 = Debug|Any CPU
		{3442341E-C0D1-4219-B032-1B2AE3F75285}.Release|Any CPU.ActiveCfg = Release|Any CPU
		{3442341E-C0D1-4219-B032-1B2AE3F75285}.Release|Any CPU.Build.0 = Release|Any CPU
		{3442341E-C0D1-4219-B032-1B2AE3F75285}.Release|x64.ActiveCfg = Release|Any CPU
		{3442341E-C0D1-4219-B032-1B2AE3F75285}.Release|x64.Build.0 = Release|Any CPU
		{3442341E-C0D1-4219-B032-1B2AE3F75285}.Release|x86.ActiveCfg = Release|Any CPU
		{3442341E-C0D1-4219-B032-1B2AE3F75285}.Release|x86.Build.0 = Release|Any CPU
		{625EFA8A-7BDF-43D2-B2B7-2DE2EF1CC425}.Debug|Any CPU.ActiveCfg = Debug|Any CPU
		{625EFA8A-7BDF-43D2-B2B7-2DE2EF1CC425}.Debug|Any CPU.Build.0 = Debug|Any CPU
		{625EFA8A-7BDF-43D2-B2B7-2DE2EF1CC425}.Debug|x64.ActiveCfg = Debug|Any CPU
		{625EFA8A-7BDF-43D2-B2B7-2DE2EF1CC425}.Debug|x64.Build.0 = Debug|Any CPU
		{625EFA8A-7BDF-43D2-B2B7-2DE2EF1CC425}.Debug|x86.ActiveCfg = Debug|Any CPU
		{625EFA8A-7BDF-43D2-B2B7-2DE2EF1CC425}.Debug|x86.Build.0 = Debug|Any CPU
		{625EFA8A-7BDF-43D2-B2B7-2DE2EF1CC425}.Release|Any CPU.ActiveCfg = Release|Any CPU
		{625EFA8A-7BDF-43D2-B2B7-2DE2EF1CC425}.Release|Any CPU.Build.0 = Release|Any CPU
		{625EFA8A-7BDF-43D2-B2B7-2DE2EF1CC425}.Release|x64.ActiveCfg = Release|Any CPU
		{625EFA8A-7BDF-43D2-B2B7-2DE2EF1CC425}.Release|x64.Build.0 = Release|Any CPU
		{625EFA8A-7BDF-43D2-B2B7-2DE2EF1CC425}.Release|x86.ActiveCfg = Release|Any CPU
		{625EFA8A-7BDF-43D2-B2B7-2DE2EF1CC425}.Release|x86.Build.0 = Release|Any CPU
		{B6E08ABF-CE67-46CE-ACF2-322D7440A187}.Debug|Any CPU.ActiveCfg = Debug|Any CPU
		{B6E08ABF-CE67-46CE-ACF2-322D7440A187}.Debug|Any CPU.Build.0 = Debug|Any CPU
		{B6E08ABF-CE67-46CE-ACF2-322D7440A187}.Debug|x64.ActiveCfg = Debug|Any CPU
		{B6E08ABF-CE67-46CE-ACF2-322D7440A187}.Debug|x64.Build.0 = Debug|Any CPU
		{B6E08ABF-CE67-46CE-ACF2-322D7440A187}.Debug|x86.ActiveCfg = Debug|Any CPU
		{B6E08ABF-CE67-46CE-ACF2-322D7440A187}.Debug|x86.Build.0 = Debug|Any CPU
		{B6E08ABF-CE67-46CE-ACF2-322D7440A187}.Release|Any CPU.ActiveCfg = Release|Any CPU
		{B6E08ABF-CE67-46CE-ACF2-322D7440A187}.Release|Any CPU.Build.0 = Release|Any CPU
		{B6E08ABF-CE67-46CE-ACF2-322D7440A187}.Release|x64.ActiveCfg = Release|Any CPU
		{B6E08ABF-CE67-46CE-ACF2-322D7440A187}.Release|x64.Build.0 = Release|Any CPU
		{B6E08ABF-CE67-46CE-ACF2-322D7440A187}.Release|x86.ActiveCfg = Release|Any CPU
		{B6E08ABF-CE67-46CE-ACF2-322D7440A187}.Release|x86.Build.0 = Release|Any CPU
		{A5040047-BCFF-4DBA-892A-E2F849685A85}.Debug|Any CPU.ActiveCfg = Debug|Any CPU
		{A5040047-BCFF-4DBA-892A-E2F849685A85}.Debug|Any CPU.Build.0 = Debug|Any CPU
		{A5040047-BCFF-4DBA-892A-E2F849685A85}.Debug|x64.ActiveCfg = Debug|Any CPU
		{A5040047-BCFF-4DBA-892A-E2F849685A85}.Debug|x64.Build.0 = Debug|Any CPU
		{A5040047-BCFF-4DBA-892A-E2F849685A85}.Debug|x86.ActiveCfg = Debug|Any CPU
		{A5040047-BCFF-4DBA-892A-E2F849685A85}.Debug|x86.Build.0 = Debug|Any CPU
		{A5040047-BCFF-4DBA-892A-E2F849685A85}.Release|Any CPU.ActiveCfg = Release|Any CPU
		{A5040047-BCFF-4DBA-892A-E2F849685A85}.Release|Any CPU.Build.0 = Release|Any CPU
		{A5040047-BCFF-4DBA-892A-E2F849685A85}.Release|x64.ActiveCfg = Release|Any CPU
		{A5040047-BCFF-4DBA-892A-E2F849685A85}.Release|x64.Build.0 = Release|Any CPU
		{A5040047-BCFF-4DBA-892A-E2F849685A85}.Release|x86.ActiveCfg = Release|Any CPU
		{A5040047-BCFF-4DBA-892A-E2F849685A85}.Release|x86.Build.0 = Release|Any CPU
		{86D15D3D-1602-4E5F-8807-EE4F0AF28B6C}.Debug|Any CPU.ActiveCfg = Debug|Any CPU
		{86D15D3D-1602-4E5F-8807-EE4F0AF28B6C}.Debug|Any CPU.Build.0 = Debug|Any CPU
		{86D15D3D-1602-4E5F-8807-EE4F0AF28B6C}.Debug|x64.ActiveCfg = Debug|Any CPU
		{86D15D3D-1602-4E5F-8807-EE4F0AF28B6C}.Debug|x64.Build.0 = Debug|Any CPU
		{86D15D3D-1602-4E5F-8807-EE4F0AF28B6C}.Debug|x86.ActiveCfg = Debug|Any CPU
		{86D15D3D-1602-4E5F-8807-EE4F0AF28B6C}.Debug|x86.Build.0 = Debug|Any CPU
		{86D15D3D-1602-4E5F-8807-EE4F0AF28B6C}.Release|Any CPU.ActiveCfg = Release|Any CPU
		{86D15D3D-1602-4E5F-8807-EE4F0AF28B6C}.Release|Any CPU.Build.0 = Release|Any CPU
		{86D15D3D-1602-4E5F-8807-EE4F0AF28B6C}.Release|x64.ActiveCfg = Release|Any CPU
		{86D15D3D-1602-4E5F-8807-EE4F0AF28B6C}.Release|x64.Build.0 = Release|Any CPU
		{86D15D3D-1602-4E5F-8807-EE4F0AF28B6C}.Release|x86.ActiveCfg = Release|Any CPU
		{86D15D3D-1602-4E5F-8807-EE4F0AF28B6C}.Release|x86.Build.0 = Release|Any CPU
		{4662AAA8-6B12-4E18-867E-8D65852A8F14}.Debug|Any CPU.ActiveCfg = Debug|Any CPU
		{4662AAA8-6B12-4E18-867E-8D65852A8F14}.Debug|Any CPU.Build.0 = Debug|Any CPU
		{4662AAA8-6B12-4E18-867E-8D65852A8F14}.Debug|x64.ActiveCfg = Debug|Any CPU
		{4662AAA8-6B12-4E18-867E-8D65852A8F14}.Debug|x64.Build.0 = Debug|Any CPU
		{4662AAA8-6B12-4E18-867E-8D65852A8F14}.Debug|x86.ActiveCfg = Debug|Any CPU
		{4662AAA8-6B12-4E18-867E-8D65852A8F14}.Debug|x86.Build.0 = Debug|Any CPU
		{4662AAA8-6B12-4E18-867E-8D65852A8F14}.Release|Any CPU.ActiveCfg = Release|Any CPU
		{4662AAA8-6B12-4E18-867E-8D65852A8F14}.Release|Any CPU.Build.0 = Release|Any CPU
		{4662AAA8-6B12-4E18-867E-8D65852A8F14}.Release|x64.ActiveCfg = Release|Any CPU
		{4662AAA8-6B12-4E18-867E-8D65852A8F14}.Release|x64.Build.0 = Release|Any CPU
		{4662AAA8-6B12-4E18-867E-8D65852A8F14}.Release|x86.ActiveCfg = Release|Any CPU
		{4662AAA8-6B12-4E18-867E-8D65852A8F14}.Release|x86.Build.0 = Release|Any CPU
		{89084FF0-2EDB-4253-B3DB-C33A71769435}.Debug|Any CPU.ActiveCfg = Debug|Any CPU
		{89084FF0-2EDB-4253-B3DB-C33A71769435}.Debug|Any CPU.Build.0 = Debug|Any CPU
		{89084FF0-2EDB-4253-B3DB-C33A71769435}.Debug|x64.ActiveCfg = Debug|Any CPU
		{89084FF0-2EDB-4253-B3DB-C33A71769435}.Debug|x64.Build.0 = Debug|Any CPU
		{89084FF0-2EDB-4253-B3DB-C33A71769435}.Debug|x86.ActiveCfg = Debug|Any CPU
		{89084FF0-2EDB-4253-B3DB-C33A71769435}.Debug|x86.Build.0 = Debug|Any CPU
		{89084FF0-2EDB-4253-B3DB-C33A71769435}.Release|Any CPU.ActiveCfg = Release|Any CPU
		{89084FF0-2EDB-4253-B3DB-C33A71769435}.Release|Any CPU.Build.0 = Release|Any CPU
		{89084FF0-2EDB-4253-B3DB-C33A71769435}.Release|x64.ActiveCfg = Release|Any CPU
		{89084FF0-2EDB-4253-B3DB-C33A71769435}.Release|x64.Build.0 = Release|Any CPU
		{89084FF0-2EDB-4253-B3DB-C33A71769435}.Release|x86.ActiveCfg = Release|Any CPU
		{89084FF0-2EDB-4253-B3DB-C33A71769435}.Release|x86.Build.0 = Release|Any CPU
	EndGlobalSection
	GlobalSection(SolutionProperties) = preSolution
		HideSolutionNode = FALSE
	EndGlobalSection
	GlobalSection(NestedProjects) = preSolution
		{FDB9C017-2845-4BF0-95B1-A11FB4902816} = {827E0CD3-B72D-47B6-A68D-7590B98EB39B}
		{90EFB39B-0506-4ED9-919D-51B752976254} = {827E0CD3-B72D-47B6-A68D-7590B98EB39B}
		{3442341E-C0D1-4219-B032-1B2AE3F75285} = {827E0CD3-B72D-47B6-A68D-7590B98EB39B}
		{625EFA8A-7BDF-43D2-B2B7-2DE2EF1CC425} = {827E0CD3-B72D-47B6-A68D-7590B98EB39B}
		{B6E08ABF-CE67-46CE-ACF2-322D7440A187} = {0AB3BF05-4346-4AA6-1389-037BE0695223}
		{A5040047-BCFF-4DBA-892A-E2F849685A85} = {0AB3BF05-4346-4AA6-1389-037BE0695223}
		{86D15D3D-1602-4E5F-8807-EE4F0AF28B6C} = {0AB3BF05-4346-4AA6-1389-037BE0695223}
		{4662AAA8-6B12-4E18-867E-8D65852A8F14} = {827E0CD3-B72D-47B6-A68D-7590B98EB39B}
		{89084FF0-2EDB-4253-B3DB-C33A71769435} = {0AB3BF05-4346-4AA6-1389-037BE0695223}
	EndGlobalSection
EndGlobal
